
Microsoft Visual Studio Solution File, Format Version 12.00
# Visual Studio Version 16
VisualStudioVersion = 16.0.30204.135
MinimumVisualStudioVersion = 10.0.40219.1
Project("{FAE04EC0-301F-11D3-BF4B-00C04F79EFBC}") = "rTest", "rTest.csproj", "{34A40CFF-9ADE-4051-BCC0-E802B2E8BB41}"
EndProject
Global
	GlobalSection(SolutionConfigurationPlatforms) = preSolution
		Debug|Any CPU = Debug|Any CPU
		Release|Any CPU = Release|Any CPU
	EndGlobalSection
	GlobalSection(ProjectConfigurationPlatforms) = postSolution
		{34A40CFF-9ADE-4051-BCC0-E802B2E8BB41}.Debug|Any CPU.ActiveCfg = Debug|Any CPU
		{34A40CFF-9ADE-4051-BCC0-E802B2E8BB41}.Debug|Any CPU.Build.0 = Debug|Any CPU
		{34A40CFF-9ADE-4051-BCC0-E802B2E8BB41}.Release|Any CPU.ActiveCfg = Release|Any CPU
		{34A40CFF-9ADE-4051-BCC0-E802B2E8BB41}.Release|Any CPU.Build.0 = Release|Any CPU
	EndGlobalSection
	GlobalSection(SolutionProperties) = preSolution
		HideSolutionNode = FALSE
	EndGlobalSection
	GlobalSection(ExtensibilityGlobals) = postSolution
		SolutionGuid = {0D4EEEEF-E6E4-4D00-8C2C-0CEFC548ECE0}
	EndGlobalSection
EndGlobal
